// !$*UTF8*$!
{
	archiveVersion = 1;
	classes = {
	};
	objectVersion = 55;
	objects = {

/* Begin PBXBuildFile section */
		4315940F274418C200CF0D3C /* OrderTypeCell.swift in Sources */ = {isa = PBXBuildFile; fileRef = 4315940E274418C200CF0D3C /* OrderTypeCell.swift */; };
		4315941127441D1500CF0D3C /* CollectionViewCell.swift in Sources */ = {isa = PBXBuildFile; fileRef = 4315941027441D1500CF0D3C /* CollectionViewCell.swift */; };
		43197D412737AED800CC1E6F /* MainViewController.swift in Sources */ = {isa = PBXBuildFile; fileRef = 43197D402737AED800CC1E6F /* MainViewController.swift */; };
		43197D432737CA8F00CC1E6F /* data.json in Resources */ = {isa = PBXBuildFile; fileRef = 43197D422737CA8F00CC1E6F /* data.json */; };
		43197D452737CE2900CC1E6F /* AnswerData.swift in Sources */ = {isa = PBXBuildFile; fileRef = 43197D442737CE2900CC1E6F /* AnswerData.swift */; };
		435009D027285E3700714438 /* AppDelegate.swift in Sources */ = {isa = PBXBuildFile; fileRef = 435009CF27285E3700714438 /* AppDelegate.swift */; };
		435009D227285E3700714438 /* SceneDelegate.swift in Sources */ = {isa = PBXBuildFile; fileRef = 435009D127285E3700714438 /* SceneDelegate.swift */; };
		435009D727285E3700714438 /* Main.storyboard in Resources */ = {isa = PBXBuildFile; fileRef = 435009D527285E3700714438 /* Main.storyboard */; };
		435009D927285E3800714438 /* Assets.xcassets in Resources */ = {isa = PBXBuildFile; fileRef = 435009D827285E3800714438 /* Assets.xcassets */; };
		435009DC27285E3800714438 /* LaunchScreen.storyboard in Resources */ = {isa = PBXBuildFile; fileRef = 435009DA27285E3800714438 /* LaunchScreen.storyboard */; };
		4368CCCA273D8C5400289CE6 /* MainPresenter.swift in Sources */ = {isa = PBXBuildFile; fileRef = 4368CCC9273D8C5400289CE6 /* MainPresenter.swift */; };
		4368CCCC273D8C6400289CE6 /* MainInteractor.swift in Sources */ = {isa = PBXBuildFile; fileRef = 4368CCCB273D8C6400289CE6 /* MainInteractor.swift */; };
		4368CCCE273D8C7400289CE6 /* MainConfigurator.swift in Sources */ = {isa = PBXBuildFile; fileRef = 4368CCCD273D8C7400289CE6 /* MainConfigurator.swift */; };
		439594AD2748EF0900E5FB8B /* RequestManager.swift in Sources */ = {isa = PBXBuildFile; fileRef = 439594AC2748EF0900E5FB8B /* RequestManager.swift */; };
		439594AF274A07C300E5FB8B /* DataManager.swift in Sources */ = {isa = PBXBuildFile; fileRef = 439594AE274A07C300E5FB8B /* DataManager.swift */; };
/* End PBXBuildFile section */

/* Begin PBXFileReference section */
		4315940E274418C200CF0D3C /* OrderTypeCell.swift */ = {isa = PBXFileReference; lastKnownFileType = sourcecode.swift; path = OrderTypeCell.swift; sourceTree = "<group>"; };
		4315941027441D1500CF0D3C /* CollectionViewCell.swift */ = {isa = PBXFileReference; lastKnownFileType = sourcecode.swift; path = CollectionViewCell.swift; sourceTree = "<group>"; };
		43197D402737AED800CC1E6F /* MainViewController.swift */ = {isa = PBXFileReference; lastKnownFileType = sourcecode.swift; path = MainViewController.swift; sourceTree = "<group>"; };
		43197D422737CA8F00CC1E6F /* data.json */ = {isa = PBXFileReference; lastKnownFileType = text.json; path = data.json; sourceTree = "<group>"; };
		43197D442737CE2900CC1E6F /* AnswerData.swift */ = {isa = PBXFileReference; lastKnownFileType = sourcecode.swift; path = AnswerData.swift; sourceTree = "<group>"; };
		435009CC27285E3700714438 /* TestAvito.app */ = {isa = PBXFileReference; explicitFileType = wrapper.application; includeInIndex = 0; path = TestAvito.app; sourceTree = BUILT_PRODUCTS_DIR; };
		435009CF27285E3700714438 /* AppDelegate.swift */ = {isa = PBXFileReference; lastKnownFileType = sourcecode.swift; path = AppDelegate.swift; sourceTree = "<group>"; };
		435009D127285E3700714438 /* SceneDelegate.swift */ = {isa = PBXFileReference; lastKnownFileType = sourcecode.swift; path = SceneDelegate.swift; sourceTree = "<group>"; };
		435009D627285E3700714438 /* Base */ = {isa = PBXFileReference; lastKnownFileType = file.storyboard; name = Base; path = Base.lproj/Main.storyboard; sourceTree = "<group>"; };
		435009D827285E3800714438 /* Assets.xcassets */ = {isa = PBXFileReference; lastKnownFileType = folder.assetcatalog; path = Assets.xcassets; sourceTree = "<group>"; };
		435009DB27285E3800714438 /* Base */ = {isa = PBXFileReference; lastKnownFileType = file.storyboard; name = Base; path = Base.lproj/LaunchScreen.storyboard; sourceTree = "<group>"; };
		435009DD27285E3800714438 /* Info.plist */ = {isa = PBXFileReference; lastKnownFileType = text.plist.xml; path = Info.plist; sourceTree = "<group>"; };
		4368CCC9273D8C5400289CE6 /* MainPresenter.swift */ = {isa = PBXFileReference; lastKnownFileType = sourcecode.swift; path = MainPresenter.swift; sourceTree = "<group>"; };
		4368CCCB273D8C6400289CE6 /* MainInteractor.swift */ = {isa = PBXFileReference; lastKnownFileType = sourcecode.swift; path = MainInteractor.swift; sourceTree = "<group>"; };
		4368CCCD273D8C7400289CE6 /* MainConfigurator.swift */ = {isa = PBXFileReference; lastKnownFileType = sourcecode.swift; path = MainConfigurator.swift; sourceTree = "<group>"; };
		439594AC2748EF0900E5FB8B /* RequestManager.swift */ = {isa = PBXFileReference; fileEncoding = 4; lastKnownFileType = sourcecode.swift; path = RequestManager.swift; sourceTree = "<group>"; };
		439594AE274A07C300E5FB8B /* DataManager.swift */ = {isa = PBXFileReference; lastKnownFileType = sourcecode.swift; path = DataManager.swift; sourceTree = "<group>"; };
/* End PBXFileReference section */

/* Begin PBXFrameworksBuildPhase section */
		435009C927285E3700714438 /* Frameworks */ = {
			isa = PBXFrameworksBuildPhase;
			buildActionMask = 2147483647;
			files = (
			);
			runOnlyForDeploymentPostprocessing = 0;
		};
/* End PBXFrameworksBuildPhase section */

/* Begin PBXGroup section */
		435009C327285E3700714438 = {
			isa = PBXGroup;
			children = (
				435009CE27285E3700714438 /* TestAvito */,
				435009CD27285E3700714438 /* Products */,
			);
			sourceTree = "<group>";
		};
		435009CD27285E3700714438 /* Products */ = {
			isa = PBXGroup;
			children = (
				435009CC27285E3700714438 /* TestAvito.app */,
			);
			name = Products;
			sourceTree = "<group>";
		};
		435009CE27285E3700714438 /* TestAvito */ = {
			isa = PBXGroup;
			children = (
				4397EF2D27401F840045D8C2 /* Managers */,
				4397EF3027401FB20045D8C2 /* Models */,
				4397EF2C274012450045D8C2 /* StoryBoards */,
				4397EF2A274012170045D8C2 /* CollectionViewCell */,
				43FB6BB6273C48BE00CEA71B /* MainView */,
				4397EF2B2740122D0045D8C2 /* Data */,
				435009D127285E3700714438 /* SceneDelegate.swift */,
				435009CF27285E3700714438 /* AppDelegate.swift */,
				435009D827285E3800714438 /* Assets.xcassets */,
				435009DD27285E3800714438 /* Info.plist */,
			);
			path = TestAvito;
			sourceTree = "<group>";
		};
		4397EF2A274012170045D8C2 /* CollectionViewCell */ = {
			isa = PBXGroup;
			children = (
				4315941027441D1500CF0D3C /* CollectionViewCell.swift */,
			);
			path = CollectionViewCell;
			sourceTree = "<group>";
		};
		4397EF2B2740122D0045D8C2 /* Data */ = {
			isa = PBXGroup;
			children = (
				43197D422737CA8F00CC1E6F /* data.json */,
			);
			path = Data;
			sourceTree = "<group>";
		};
		4397EF2C274012450045D8C2 /* StoryBoards */ = {
			isa = PBXGroup;
			children = (
				435009D527285E3700714438 /* Main.storyboard */,
				435009DA27285E3800714438 /* LaunchScreen.storyboard */,
			);
			path = StoryBoards;
			sourceTree = "<group>";
		};
		4397EF2D27401F840045D8C2 /* Managers */ = {
			isa = PBXGroup;
			children = (
				439594AC2748EF0900E5FB8B /* RequestManager.swift */,
				439594AE274A07C300E5FB8B /* DataManager.swift */,
			);
			path = Managers;
			sourceTree = "<group>";
		};
		4397EF3027401FB20045D8C2 /* Models */ = {
			isa = PBXGroup;
			children = (
				43197D442737CE2900CC1E6F /* AnswerData.swift */,
				4315940E274418C200CF0D3C /* OrderTypeCell.swift */,
			);
			path = Models;
			sourceTree = "<group>";
		};
		43FB6BB6273C48BE00CEA71B /* MainView */ = {
			isa = PBXGroup;
			children = (
				43197D402737AED800CC1E6F /* MainViewController.swift */,
				4368CCC9273D8C5400289CE6 /* MainPresenter.swift */,
				4368CCCB273D8C6400289CE6 /* MainInteractor.swift */,
				4368CCCD273D8C7400289CE6 /* MainConfigurator.swift */,
			);
			path = MainView;
			sourceTree = "<group>";
		};
/* End PBXGroup section */

/* Begin PBXNativeTarget section */
		435009CB27285E3700714438 /* TestAvito */ = {
			isa = PBXNativeTarget;
			buildConfigurationList = 435009E027285E3800714438 /* Build configuration list for PBXNativeTarget "TestAvito" */;
			buildPhases = (
				435009C827285E3700714438 /* Sources */,
				435009C927285E3700714438 /* Frameworks */,
				435009CA27285E3700714438 /* Resources */,
			);
			buildRules = (
			);
			dependencies = (
			);
			name = TestAvito;
			productName = TestAvito;
			productReference = 435009CC27285E3700714438 /* TestAvito.app */;
			productType = "com.apple.product-type.application";
		};
/* End PBXNativeTarget section */

/* Begin PBXProject section */
		435009C427285E3700714438 /* Project object */ = {
			isa = PBXProject;
			attributes = {
				BuildIndependentTargetsInParallel = 1;
				LastSwiftUpdateCheck = 1300;
				LastUpgradeCheck = 1300;
				TargetAttributes = {
					435009CB27285E3700714438 = {
						CreatedOnToolsVersion = 13.0;
					};
				};
			};
			buildConfigurationList = 435009C727285E3700714438 /* Build configuration list for PBXProject "TestAvito" */;
			compatibilityVersion = "Xcode 13.0";
			developmentRegion = en;
			hasScannedForEncodings = 0;
			knownRegions = (
				en,
				Base,
			);
			mainGroup = 435009C327285E3700714438;
			productRefGroup = 435009CD27285E3700714438 /* Products */;
			projectDirPath = "";
			projectRoot = "";
			targets = (
				435009CB27285E3700714438 /* TestAvito */,
			);
		};
/* End PBXProject section */

/* Begin PBXResourcesBuildPhase section */
		435009CA27285E3700714438 /* Resources */ = {
			isa = PBXResourcesBuildPhase;
			buildActionMask = 2147483647;
			files = (
				435009DC27285E3800714438 /* LaunchScreen.storyboard in Resources */,
				435009D927285E3800714438 /* Assets.xcassets in Resources */,
				435009D727285E3700714438 /* Main.storyboard in Resources */,
				43197D432737CA8F00CC1E6F /* data.json in Resources */,
			);
			runOnlyForDeploymentPostprocessing = 0;
		};
/* End PBXResourcesBuildPhase section */

/* Begin PBXSourcesBuildPhase section */
		435009C827285E3700714438 /* Sources */ = {
			isa = PBXSourcesBuildPhase;
			buildActionMask = 2147483647;
			files = (
				4315941127441D1500CF0D3C /* CollectionViewCell.swift in Sources */,
				43197D452737CE2900CC1E6F /* AnswerData.swift in Sources */,
				4368CCCE273D8C7400289CE6 /* MainConfigurator.swift in Sources */,
				4368CCCA273D8C5400289CE6 /* MainPresenter.swift in Sources */,
				43197D412737AED800CC1E6F /* MainViewController.swift in Sources */,
				435009D027285E3700714438 /* AppDelegate.swift in Sources */,
				439594AD2748EF0900E5FB8B /* RequestManager.swift in Sources */,
				4368CCCC273D8C6400289CE6 /* MainInteractor.swift in Sources */,
				439594AF274A07C300E5FB8B /* DataManager.swift in Sources */,
				4315940F274418C200CF0D3C /* OrderTypeCell.swift in Sources */,
				435009D227285E3700714438 /* SceneDelegate.swift in Sources */,
			);
			runOnlyForDeploymentPostprocessing = 0;
		};
/* End PBXSourcesBuildPhase section */

/* Begin PBXVariantGroup section */
		435009D527285E3700714438 /* Main.storyboard */ = {
			isa = PBXVariantGroup;
			children = (
				435009D627285E3700714438 /* Base */,
			);
			name = Main.storyboard;
			sourceTree = "<group>";
		};
		435009DA27285E3800714438 /* LaunchScreen.storyboard */ = {
			isa = PBXVariantGroup;
			children = (
				435009DB27285E3800714438 /* Base */,
			);
			name = LaunchScreen.storyboard;
			sourceTree = "<group>";
		};
/* End PBXVariantGroup section */

/* Begin XCBuildConfiguration section */
		435009DE27285E3800714438 /* Debug */ = {
			isa = XCBuildConfiguration;
			buildSettings = {
				ALWAYS_SEARCH_USER_PATHS = NO;
				CLANG_ANALYZER_NONNULL = YES;
				CLANG_ANALYZER_NUMBER_OBJECT_CONVERSION = YES_AGGRESSIVE;
				CLANG_CXX_LANGUAGE_STANDARD = "gnu++17";
				CLANG_CXX_LIBRARY = "libc++";
				CLANG_ENABLE_MODULES = YES;
				CLANG_ENABLE_OBJC_ARC = YES;
				CLANG_ENABLE_OBJC_WEAK = YES;
				CLANG_WARN_BLOCK_CAPTURE_AUTORELEASING = YES;
				CLANG_WARN_BOOL_CONVERSION = YES;
				CLANG_WARN_COMMA = YES;
				CLANG_WARN_CONSTANT_CONVERSION = YES;
				CLANG_WARN_DEPRECATED_OBJC_IMPLEMENTATIONS = YES;
				CLANG_WARN_DIRECT_OBJC_ISA_USAGE = YES_ERROR;
				CLANG_WARN_DOCUMENTATION_COMMENTS = YES;
				CLANG_WARN_EMPTY_BODY = YES;
				CLANG_WARN_ENUM_CONVERSION = YES;
				CLANG_WARN_INFINITE_RECURSION = YES;
				CLANG_WARN_INT_CONVERSION = YES;
				CLANG_WARN_NON_LITERAL_NULL_CONVERSION = YES;
				CLANG_WARN_OBJC_IMPLICIT_RETAIN_SELF = YES;
				CLANG_WARN_OBJC_LITERAL_CONVERSION = YES;
				CLANG_WARN_OBJC_ROOT_CLASS = YES_ERROR;
				CLANG_WARN_QUOTED_INCLUDE_IN_FRAMEWORK_HEADER = YES;
				CLANG_WARN_RANGE_LOOP_ANALYSIS = YES;
				CLANG_WARN_STRICT_PROTOTYPES = YES;
				CLANG_WARN_SUSPICIOUS_MOVE = YES;
				CLANG_WARN_UNGUARDED_AVAILABILITY = YES_AGGRESSIVE;
				CLANG_WARN_UNREACHABLE_CODE = YES;
				CLANG_WARN__DUPLICATE_METHOD_MATCH = YES;
				COPY_PHASE_STRIP = NO;
				DEBUG_INFORMATION_FORMAT = dwarf;
				ENABLE_STRICT_OBJC_MSGSEND = YES;
				ENABLE_TESTABILITY = YES;
				GCC_C_LANGUAGE_STANDARD = gnu11;
				GCC_DYNAMIC_NO_PIC = NO;
				GCC_NO_COMMON_BLOCKS = YES;
				GCC_OPTIMIZATION_LEVEL = 0;
				GCC_PREPROCESSOR_DEFINITIONS = (
					"DEBUG=1",
					"$(inherited)",
				);
				GCC_WARN_64_TO_32_BIT_CONVERSION = YES;
				GCC_WARN_ABOUT_RETURN_TYPE = YES_ERROR;
				GCC_WARN_UNDECLARED_SELECTOR = YES;
				GCC_WARN_UNINITIALIZED_AUTOS = YES_AGGRESSIVE;
				GCC_WARN_UNUSED_FUNCTION = YES;
				GCC_WARN_UNUSED_VARIABLE = YES;
				IPHONEOS_DEPLOYMENT_TARGET = 15.0;
				MTL_ENABLE_DEBUG_INFO = INCLUDE_SOURCE;
				MTL_FAST_MATH = YES;
				ONLY_ACTIVE_ARCH = YES;
				SDKROOT = iphoneos;
				SWIFT_ACTIVE_COMPILATION_CONDITIONS = DEBUG;
				SWIFT_OPTIMIZATION_LEVEL = "-Onone";
			};
			name = Debug;
		};
		435009DF27285E3800714438 /* Release */ = {
			isa = XCBuildConfiguration;
			buildSettings = {
				ALWAYS_SEARCH_USER_PATHS = NO;
				CLANG_ANALYZER_NONNULL = YES;
				CLANG_ANALYZER_NUMBER_OBJECT_CONVERSION = YES_AGGRESSIVE;
				CLANG_CXX_LANGUAGE_STANDARD = "gnu++17";
				CLANG_CXX_LIBRARY = "libc++";
				CLANG_ENABLE_MODULES = YES;
				CLANG_ENABLE_OBJC_ARC = YES;
				CLANG_ENABLE_OBJC_WEAK = YES;
				CLANG_WARN_BLOCK_CAPTURE_AUTORELEASING = YES;
				CLANG_WARN_BOOL_CONVERSION = YES;
				CLANG_WARN_COMMA = YES;
				CLANG_WARN_CONSTANT_CONVERSION = YES;
				CLANG_WARN_DEPRECATED_OBJC_IMPLEMENTATIONS = YES;
				CLANG_WARN_DIRECT_OBJC_ISA_USAGE = YES_ERROR;
				CLANG_WARN_DOCUMENTATION_COMMENTS = YES;
				CLANG_WARN_EMPTY_BODY = YES;
				CLANG_WARN_ENUM_CONVERSION = YES;
				CLANG_WARN_INFINITE_RECURSION = YES;
				CLANG_WARN_INT_CONVERSION = YES;
				CLANG_WARN_NON_LITERAL_NULL_CONVERSION = YES;
				CLANG_WARN_OBJC_IMPLICIT_RETAIN_SELF = YES;
				CLANG_WARN_OBJC_LITERAL_CONVERSION = YES;
				CLANG_WARN_OBJC_ROOT_CLASS = YES_ERROR;
				CLANG_WARN_QUOTED_INCLUDE_IN_FRAMEWORK_HEADER = YES;
				CLANG_WARN_RANGE_LOOP_ANALYSIS = YES;
				CLANG_WARN_STRICT_PROTOTYPES = YES;
				CLANG_WARN_SUSPICIOUS_MOVE = YES;
				CLANG_WARN_UNGUARDED_AVAILABILITY = YES_AGGRESSIVE;
				CLANG_WARN_UNREACHABLE_CODE = YES;
				CLANG_WARN__DUPLICATE_METHOD_MATCH = YES;
				COPY_PHASE_STRIP = NO;
				DEBUG_INFORMATION_FORMAT = "dwarf-with-dsym";
				ENABLE_NS_ASSERTIONS = NO;
				ENABLE_STRICT_OBJC_MSGSEND = YES;
				GCC_C_LANGUAGE_STANDARD = gnu11;
				GCC_NO_COMMON_BLOCKS = YES;
				GCC_WARN_64_TO_32_BIT_CONVERSION = YES;
				GCC_WARN_ABOUT_RETURN_TYPE = YES_ERROR;
				GCC_WARN_UNDECLARED_SELECTOR = YES;
				GCC_WARN_UNINITIALIZED_AUTOS = YES_AGGRESSIVE;
				GCC_WARN_UNUSED_FUNCTION = YES;
				GCC_WARN_UNUSED_VARIABLE = YES;
				IPHONEOS_DEPLOYMENT_TARGET = 15.0;
				MTL_ENABLE_DEBUG_INFO = NO;
				MTL_FAST_MATH = YES;
				SDKROOT = iphoneos;
				SWIFT_COMPILATION_MODE = wholemodule;
				SWIFT_OPTIMIZATION_LEVEL = "-O";
				VALIDATE_PRODUCT = YES;
			};
			name = Release;
		};
		435009E127285E3800714438 /* Debug */ = {
			isa = XCBuildConfiguration;
			buildSettings = {
				ASSETCATALOG_COMPILER_APPICON_NAME = AppIcon;
				ASSETCATALOG_COMPILER_GLOBAL_ACCENT_COLOR_NAME = AccentColor;
				CODE_SIGN_STYLE = Automatic;
				CURRENT_PROJECT_VERSION = 1;
				DEVELOPMENT_TEAM = 8C42ZNV225;
				GENERATE_INFOPLIST_FILE = YES;
				INFOPLIST_FILE = TestAvito/Info.plist;
				INFOPLIST_KEY_UIApplicationSupportsIndirectInputEvents = YES;
				INFOPLIST_KEY_UILaunchStoryboardName = LaunchScreen;
				INFOPLIST_KEY_UIMainStoryboardFile = Main;
				INFOPLIST_KEY_UISupportedInterfaceOrientations_iPad = "UIInterfaceOrientationPortrait UIInterfaceOrientationPortraitUpsideDown UIInterfaceOrientationLandscapeLeft UIInterfaceOrientationLandscapeRight";
				INFOPLIST_KEY_UISupportedInterfaceOrientations_iPhone = "UIInterfaceOrientationPortrait UIInterfaceOrientationLandscapeLeft UIInterfaceOrientationLandscapeRight";
				LD_RUNPATH_SEARCH_PATHS = (
					"$(inherited)",
					"@executable_path/Frameworks",
				);
				MARKETING_VERSION = 1.0;
				PRODUCT_BUNDLE_IDENTIFIER = TestAvito.TestAvito;
				PRODUCT_NAME = "$(TARGET_NAME)";
				SWIFT_EMIT_LOC_STRINGS = YES;
				SWIFT_VERSION = 5.0;
				TARGETED_DEVICE_FAMILY = "1,2";
			};
			name = Debug;
		};
		435009E227285E3800714438 /* Release */ = {
			isa = XCBuildConfiguration;
			buildSettings = {
				ASSETCATALOG_COMPILER_APPICON_NAME = AppIcon;
				ASSETCATALOG_COMPILER_GLOBAL_ACCENT_COLOR_NAME = AccentColor;
				CODE_SIGN_STYLE = Automatic;
				CURRENT_PROJECT_VERSION = 1;
				DEVELOPMENT_TEAM = 8C42ZNV225;
				GENERATE_INFOPLIST_FILE = YES;
				INFOPLIST_FILE = TestAvito/Info.plist;
				INFOPLIST_KEY_UIApplicationSupportsIndirectInputEvents = YES;
				INFOPLIST_KEY_UILaunchStoryboardName = LaunchScreen;
				INFOPLIST_KEY_UIMainStoryboardFile = Main;
				INFOPLIST_KEY_UISupportedInterfaceOrientations_iPad = "UIInterfaceOrientationPortrait UIInterfaceOrientationPortraitUpsideDown UIInterfaceOrientationLandscapeLeft UIInterfaceOrientationLandscapeRight";
				INFOPLIST_KEY_UISupportedInterfaceOrientations_iPhone = "UIInterfaceOrientationPortrait UIInterfaceOrientationLandscapeLeft UIInterfaceOrientationLandscapeRight";
				LD_RUNPATH_SEARCH_PATHS = (
					"$(inherited)",
					"@executable_path/Frameworks",
				);
				MARKETING_VERSION = 1.0;
				PRODUCT_BUNDLE_IDENTIFIER = TestAvito.TestAvito;
				PRODUCT_NAME = "$(TARGET_NAME)";
				SWIFT_EMIT_LOC_STRINGS = YES;
				SWIFT_VERSION = 5.0;
				TARGETED_DEVICE_FAMILY = "1,2";
			};
			name = Release;
		};
/* End XCBuildConfiguration section */

/* Begin XCConfigurationList section */
		435009C727285E3700714438 /* Build configuration list for PBXProject "TestAvito" */ = {
			isa = XCConfigurationList;
			buildConfigurations = (
				435009DE27285E3800714438 /* Debug */,
				435009DF27285E3800714438 /* Release */,
			);
			defaultConfigurationIsVisible = 0;
			defaultConfigurationName = Release;
		};
		435009E027285E3800714438 /* Build configuration list for PBXNativeTarget "TestAvito" */ = {
			isa = XCConfigurationList;
			buildConfigurations = (
				435009E127285E3800714438 /* Debug */,
				435009E227285E3800714438 /* Release */,
			);
			defaultConfigurationIsVisible = 0;
			defaultConfigurationName = Release;
		};
/* End XCConfigurationList section */
	};
	rootObject = 435009C427285E3700714438 /* Project object */;
}
